
Microsoft Visual Studio Solution File, Format Version 12.00
# Visual Studio Version 16
VisualStudioVersion = 16.0.31515.178
MinimumVisualStudioVersion = 10.0.40219.1
Project("{FAE04EC0-301F-11D3-BF4B-00C04F79EFBC}") = "XamarinElevregister.UWP", "XamarinElevregister.UWP\XamarinElevregister.UWP.csproj", "{AC4C3B99-480D-481B-853F-AFF608A8148E}"
EndProject
Project("{FAE04EC0-301F-11D3-BF4B-00C04F79EFBC}") = "XamarinElevregister.Android", "XamarinElevregister.Android\XamarinElevregister.Android.csproj", "{F4841B65-998F-43D7-A091-D5486B120234}"
EndProject
Project("{FAE04EC0-301F-11D3-BF4B-00C04F79EFBC}") = "XamarinElevregister.iOS", "XamarinElevregister.iOS\XamarinElevregister.iOS.csproj", "{51C120C2-45BF-4E48-A2DA-C07C214DBDC5}"
EndProject
Project("{FAE04EC0-301F-11D3-BF4B-00C04F79EFBC}") = "XamarinElevregister", "XamarinElevregister\XamarinElevregister.csproj", "{0F05C2D9-26BA-4A6E-AFB7-CDD3FDFCA86D}"
EndProject
Global
	GlobalSection(SolutionConfigurationPlatforms) = preSolution
		Debug|Any CPU = Debug|Any CPU
		Debug|ARM = Debug|ARM
		Debug|iPhone = Debug|iPhone
		Debug|iPhoneSimulator = Debug|iPhoneSimulator
		Debug|x64 = Debug|x64
		Debug|x86 = Debug|x86
		Release|Any CPU = Release|Any CPU
		Release|ARM = Release|ARM
		Release|iPhone = Release|iPhone
		Release|iPhoneSimulator = Release|iPhoneSimulator
		Release|x64 = Release|x64
		Release|x86 = Release|x86
	EndGlobalSection
	GlobalSection(ProjectConfigurationPlatforms) = postSolution
		{AC4C3B99-480D-481B-853F-AFF608A8148E}.Debug|Any CPU.ActiveCfg = Debug|x86
		{AC4C3B99-480D-481B-853F-AFF608A8148E}.Debug|Any CPU.Build.0 = Debug|x86
		{AC4C3B99-480D-481B-853F-AFF608A8148E}.Debug|Any CPU.Deploy.0 = Debug|x86
		{AC4C3B99-480D-481B-853F-AFF608A8148E}.Debug|ARM.ActiveCfg = Debug|ARM
		{AC4C3B99-480D-481B-853F-AFF608A8148E}.Debug|ARM.Build.0 = Debug|ARM
		{AC4C3B99-480D-481B-853F-AFF608A8148E}.Debug|ARM.Deploy.0 = Debug|ARM
		{AC4C3B99-480D-481B-853F-AFF608A8148E}.Debug|iPhone.ActiveCfg = Debug|x86
		{AC4C3B99-480D-481B-853F-AFF608A8148E}.Debug|iPhone.Build.0 = Debug|x86
		{AC4C3B99-480D-481B-853F-AFF608A8148E}.Debug|iPhone.Deploy.0 = Debug|x86
		{AC4C3B99-480D-481B-853F-AFF608A8148E}.Debug|iPhoneSimulator.ActiveCfg = Debug|x86
		{AC4C3B99-480D-481B-853F-AFF608A8148E}.Debug|iPhoneSimulator.Build.0 = Debug|x86
		{AC4C3B99-480D-481B-853F-AFF608A8148E}.Debug|iPhoneSimulator.Deploy.0 = Debug|x86
		{AC4C3B99-480D-481B-853F-AFF608A8148E}.Debug|x64.ActiveCfg = Debug|x64
		{AC4C3B99-480D-481B-853F-AFF608A8148E}.Debug|x64.Build.0 = Debug|x64
		{AC4C3B99-480D-481B-853F-AFF608A8148E}.Debug|x64.Deploy.0 = Debug|x64
		{AC4C3B99-480D-481B-853F-AFF608A8148E}.Debug|x86.ActiveCfg = Debug|x86
		{AC4C3B99-480D-481B-853F-AFF608A8148E}.Debug|x86.Build.0 = Debug|x86
		{AC4C3B99-480D-481B-853F-AFF608A8148E}.Debug|x86.Deploy.0 = Debug|x86
		{AC4C3B99-480D-481B-853F-AFF608A8148E}.Release|Any CPU.ActiveCfg = Release|x86
		{AC4C3B99-480D-481B-853F-AFF608A8148E}.Release|Any CPU.Build.0 = Release|x86
		{AC4C3B99-480D-481B-853F-AFF608A8148E}.Release|Any CPU.Deploy.0 = Release|x86
		{AC4C3B99-480D-481B-853F-AFF608A8148E}.Release|ARM.ActiveCfg = Release|ARM
		{AC4C3B99-480D-481B-853F-AFF608A8148E}.Release|ARM.Build.0 = Release|ARM
		{AC4C3B99-480D-481B-853F-AFF608A8148E}.Release|ARM.Deploy.0 = Release|ARM
		{AC4C3B99-480D-481B-853F-AFF608A8148E}.Release|iPhone.ActiveCfg = Release|x86
		{AC4C3B99-480D-481B-853F-AFF608A8148E}.Release|iPhone.Build.0 = Release|x86
		{AC4C3B99-480D-481B-853F-AFF608A8148E}.Release|iPhone.Deploy.0 = Release|x86
		{AC4C3B99-480D-481B-853F-AFF608A8148E}.Release|iPhoneSimulator.ActiveCfg = Release|x86
		{AC4C3B99-480D-481B-853F-AFF608A8148E}.Release|iPhoneSimulator.Build.0 = Release|x86
		{AC4C3B99-480D-481B-853F-AFF608A8148E}.Release|iPhoneSimulator.Deploy.0 = Release|x86
		{AC4C3B99-480D-481B-853F-AFF608A8148E}.Release|x64.ActiveCfg = Release|x64
		{AC4C3B99-480D-481B-853F-AFF608A8148E}.Release|x64.Build.0 = Release|x64
		{AC4C3B99-480D-481B-853F-AFF608A8148E}.Release|x64.Deploy.0 = Release|x64
		{AC4C3B99-480D-481B-853F-AFF608A8148E}.Release|x86.ActiveCfg = Release|x86
		{AC4C3B99-480D-481B-853F-AFF608A8148E}.Release|x86.Build.0 = Release|x86
		{AC4C3B99-480D-481B-853F-AFF608A8148E}.Release|x86.Deploy.0 = Release|x86
		{F4841B65-998F-43D7-A091-D5486B120234}.Debug|Any CPU.ActiveCfg = Debug|Any CPU
		{F4841B65-998F-43D7-A091-D5486B120234}.Debug|Any CPU.Build.0 = Debug|Any CPU
		{F4841B65-998F-43D7-A091-D5486B120234}.Debug|Any CPU.Deploy.0 = Debug|Any CPU
		{F4841B65-998F-43D7-A091-D5486B120234}.Debug|ARM.ActiveCfg = Debug|Any CPU
		{F4841B65-998F-43D7-A091-D5486B120234}.Debug|ARM.Build.0 = Debug|Any CPU
		{F4841B65-998F-43D7-A091-D5486B120234}.Debug|ARM.Deploy.0 = Debug|Any CPU
		{F4841B65-998F-43D7-A091-D5486B120234}.Debug|iPhone.ActiveCfg = Debug|Any CPU
		{F4841B65-998F-43D7-A091-D5486B120234}.Debug|iPhone.Build.0 = Debug|Any CPU
		{F4841B65-998F-43D7-A091-D5486B120234}.Debug|iPhone.Deploy.0 = Debug|Any CPU
		{F4841B65-998F-43D7-A091-D5486B120234}.Debug|iPhoneSimulator.ActiveCfg = Debug|Any CPU
		{F4841B65-998F-43D7-A091-D5486B120234}.Debug|iPhoneSimulator.Build.0 = Debug|Any CPU
		{F4841B65-998F-43D7-A091-D5486B120234}.Debug|iPhoneSimulator.Deploy.0 = Debug|Any CPU
		{F4841B65-998F-43D7-A091-D5486B120234}.Debug|x64.ActiveCfg = Debug|Any CPU
		{F4841B65-998F-43D7-A091-D5486B120234}.Debug|x64.Build.0 = Debug|Any CPU
		{F4841B65-998F-43D7-A091-D5486B120234}.Debug|x64.Deploy.0 = Debug|Any CPU
		{F4841B65-998F-43D7-A091-D5486B120234}.Debug|x86.ActiveCfg = Debug|Any CPU
		{F4841B65-998F-43D7-A091-D5486B120234}.Debug|x86.Build.0 = Debug|Any CPU
		{F4841B65-998F-43D7-A091-D5486B120234}.Debug|x86.Deploy.0 = Debug|Any CPU
		{F4841B65-998F-43D7-A091-D5486B120234}.Release|Any CPU.ActiveCfg = Release|Any CPU
		{F4841B65-998F-43D7-A091-D5486B120234}.Release|Any CPU.Build.0 = Release|Any CPU
		{F4841B65-998F-43D7-A091-D5486B120234}.Release|Any CPU.Deploy.0 = Release|Any CPU
		{F4841B65-998F-43D7-A091-D5486B120234}.Release|ARM.ActiveCfg = Release|Any CPU
		{F4841B65-998F-43D7-A091-D5486B120234}.Release|ARM.Build.0 = Release|Any CPU
		{F4841B65-998F-43D7-A091-D5486B120234}.Release|ARM.Deploy.0 = Release|Any CPU
		{F4841B65-998F-43D7-A091-D5486B120234}.Release|iPhone.ActiveCfg = Release|Any CPU
		{F4841B65-998F-43D7-A091-D5486B120234}.Release|iPhone.Build.0 = Release|Any CPU
		{F4841B65-998F-43D7-A091-D5486B120234}.Release|iPhone.Deploy.0 = Release|Any CPU
		{F4841B65-998F-43D7-A091-D5486B120234}.Release|iPhoneSimulator.ActiveCfg = Release|Any CPU
		{F4841B65-998F-43D7-A091-D5486B120234}.Release|iPhoneSimulator.Build.0 = Release|Any CPU
		{F4841B65-998F-43D7-A091-D5486B120234}.Release|iPhoneSimulator.Deploy.0 = Release|Any CPU
		{F4841B65-998F-43D7-A091-D5486B120234}.Release|x64.ActiveCfg = Release|Any CPU
		{F4841B65-998F-43D7-A091-D5486B120234}.Release|x64.Build.0 = Release|Any CPU
		{F4841B65-998F-43D7-A091-D5486B120234}.Release|x64.Deploy.0 = Release|Any CPU
		{F4841B65-998F-43D7-A091-D5486B120234}.Release|x86.ActiveCfg = Release|Any CPU
		{F4841B65-998F-43D7-A091-D5486B120234}.Release|x86.Build.0 = Release|Any CPU
		{F4841B65-998F-43D7-A091-D5486B120234}.Release|x86.Deploy.0 = Release|Any CPU
		{51C120C2-45BF-4E48-A2DA-C07C214DBDC5}.Debug|Any CPU.ActiveCfg = Debug|iPhoneSimulator
		{51C120C2-45BF-4E48-A2DA-C07C214DBDC5}.Debug|Any CPU.Build.0 = Debug|iPhoneSimulator
		{51C120C2-45BF-4E48-A2DA-C07C214DBDC5}.Debug|Any CPU.Deploy.0 = Debug|iPhoneSimulator
		{51C120C2-45BF-4E48-A2DA-C07C214DBDC5}.Debug|ARM.ActiveCfg = Debug|iPhone
		{51C120C2-45BF-4E48-A2DA-C07C214DBDC5}.Debug|ARM.Build.0 = Debug|iPhone
		{51C120C2-45BF-4E48-A2DA-C07C214DBDC5}.Debug|ARM.Deploy.0 = Debug|iPhone
		{51C120C2-45BF-4E48-A2DA-C07C214DBDC5}.Debug|iPhone.ActiveCfg = Debug|iPhone
		{51C120C2-45BF-4E48-A2DA-C07C214DBDC5}.Debug|iPhone.Build.0 = Debug|iPhone
		{51C120C2-45BF-4E48-A2DA-C07C214DBDC5}.Debug|iPhone.Deploy.0 = Debug|iPhone
		{51C120C2-45BF-4E48-A2DA-C07C214DBDC5}.Debug|iPhoneSimulator.ActiveCfg = Debug|iPhoneSimulator
		{51C120C2-45BF-4E48-A2DA-C07C214DBDC5}.Debug|iPhoneSimulator.Build.0 = Debug|iPhoneSimulator
		{51C120C2-45BF-4E48-A2DA-C07C214DBDC5}.Debug|iPhoneSimulator.Deploy.0 = Debug|iPhoneSimulator
		{51C120C2-45BF-4E48-A2DA-C07C214DBDC5}.Debug|x64.ActiveCfg = Debug|iPhoneSimulator
		{51C120C2-45BF-4E48-A2DA-C07C214DBDC5}.Debug|x64.Build.0 = Debug|iPhoneSimulator
		{51C120C2-45BF-4E48-A2DA-C07C214DBDC5}.Debug|x64.Deploy.0 = Debug|iPhoneSimulator
		{51C120C2-45BF-4E48-A2DA-C07C214DBDC5}.Debug|x86.ActiveCfg = Debug|iPhoneSimulator
		{51C120C2-45BF-4E48-A2DA-C07C214DBDC5}.Debug|x86.Build.0 = Debug|iPhoneSimulator
		{51C120C2-45BF-4E48-A2DA-C07C214DBDC5}.Debug|x86.Deploy.0 = Debug|iPhoneSimulator
		{51C120C2-45BF-4E48-A2DA-C07C214DBDC5}.Release|Any CPU.ActiveCfg = Release|iPhoneSimulator
		{51C120C2-45BF-4E48-A2DA-C07C214DBDC5}.Release|Any CPU.Build.0 = Release|iPhoneSimulator
		{51C120C2-45BF-4E48-A2DA-C07C214DBDC5}.Release|Any CPU.Deploy.0 = Release|iPhoneSimulator
		{51C120C2-45BF-4E48-A2DA-C07C214DBDC5}.Release|ARM.ActiveCfg = Release|iPhoneSimulator
		{51C120C2-45BF-4E48-A2DA-C07C214DBDC5}.Release|ARM.Build.0 = Release|iPhoneSimulator
		{51C120C2-45BF-4E48-A2DA-C07C214DBDC5}.Release|ARM.Deploy.0 = Release|iPhoneSimulator
		{51C120C2-45BF-4E48-A2DA-C07C214DBDC5}.Release|iPhone.ActiveCfg = Release|iPhone
		{51C120C2-45BF-4E48-A2DA-C07C214DBDC5}.Release|iPhone.Build.0 = Release|iPhone
		{51C120C2-45BF-4E48-A2DA-C07C214DBDC5}.Release|iPhone.Deploy.0 = Release|iPhone
		{51C120C2-45BF-4E48-A2DA-C07C214DBDC5}.Release|iPhoneSimulator.ActiveCfg = Release|iPhoneSimulator
		{51C120C2-45BF-4E48-A2DA-C07C214DBDC5}.Release|iPhoneSimulator.Build.0 = Release|iPhoneSimulator
		{51C120C2-45BF-4E48-A2DA-C07C214DBDC5}.Release|iPhoneSimulator.Deploy.0 = Release|iPhoneSimulator
		{51C120C2-45BF-4E48-A2DA-C07C214DBDC5}.Release|x64.ActiveCfg = Release|iPhoneSimulator
		{51C120C2-45BF-4E48-A2DA-C07C214DBDC5}.Release|x64.Build.0 = Release|iPhoneSimulator
		{51C120C2-45BF-4E48-A2DA-C07C214DBDC5}.Release|x64.Deploy.0 = Release|iPhoneSimulator
		{51C120C2-45BF-4E48-A2DA-C07C214DBDC5}.Release|x86.ActiveCfg = Release|iPhoneSimulator
		{51C120C2-45BF-4E48-A2DA-C07C214DBDC5}.Release|x86.Build.0 = Release|iPhoneSimulator
		{51C120C2-45BF-4E48-A2DA-C07C214DBDC5}.Release|x86.Deploy.0 = Release|iPhoneSimulator
		{0F05C2D9-26BA-4A6E-AFB7-CDD3FDFCA86D}.Debug|Any CPU.ActiveCfg = Debug|Any CPU
		{0F05C2D9-26BA-4A6E-AFB7-CDD3FDFCA86D}.Debug|Any CPU.Build.0 = Debug|Any CPU
		{0F05C2D9-26BA-4A6E-AFB7-CDD3FDFCA86D}.Debug|Any CPU.Deploy.0 = Debug|Any CPU
		{0F05C2D9-26BA-4A6E-AFB7-CDD3FDFCA86D}.Debug|ARM.ActiveCfg = Debug|Any CPU
		{0F05C2D9-26BA-4A6E-AFB7-CDD3FDFCA86D}.Debug|ARM.Build.0 = Debug|Any CPU
		{0F05C2D9-26BA-4A6E-AFB7-CDD3FDFCA86D}.Debug|ARM.Deploy.0 = Debug|Any CPU
		{0F05C2D9-26BA-4A6E-AFB7-CDD3FDFCA86D}.Debug|iPhone.ActiveCfg = Debug|Any CPU
		{0F05C2D9-26BA-4A6E-AFB7-CDD3FDFCA86D}.Debug|iPhone.Build.0 = Debug|Any CPU
		{0F05C2D9-26BA-4A6E-AFB7-CDD3FDFCA86D}.Debug|iPhone.Deploy.0 = Debug|Any CPU
		{0F05C2D9-26BA-4A6E-AFB7-CDD3FDFCA86D}.Debug|iPhoneSimulator.ActiveCfg = Debug|Any CPU
		{0F05C2D9-26BA-4A6E-AFB7-CDD3FDFCA86D}.Debug|iPhoneSimulator.Build.0 = Debug|Any CPU
		{0F05C2D9-26BA-4A6E-AFB7-CDD3FDFCA86D}.Debug|iPhoneSimulator.Deploy.0 = Debug|Any CPU
		{0F05C2D9-26BA-4A6E-AFB7-CDD3FDFCA86D}.Debug|x64.ActiveCfg = Debug|Any CPU
		{0F05C2D9-26BA-4A6E-AFB7-CDD3FDFCA86D}.Debug|x64.Build.0 = Debug|Any CPU
		{0F05C2D9-26BA-4A6E-AFB7-CDD3FDFCA86D}.Debug|x64.Deploy.0 = Debug|Any CPU
		{0F05C2D9-26BA-4A6E-AFB7-CDD3FDFCA86D}.Debug|x86.ActiveCfg = Debug|Any CPU
		{0F05C2D9-26BA-4A6E-AFB7-CDD3FDFCA86D}.Debug|x86.Build.0 = Debug|Any CPU
		{0F05C2D9-26BA-4A6E-AFB7-CDD3FDFCA86D}.Debug|x86.Deploy.0 = Debug|Any CPU
		{0F05C2D9-26BA-4A6E-AFB7-CDD3FDFCA86D}.Release|Any CPU.ActiveCfg = Release|Any CPU
		{0F05C2D9-26BA-4A6E-AFB7-CDD3FDFCA86D}.Release|Any CPU.Build.0 = Release|Any CPU
		{0F05C2D9-26BA-4A6E-AFB7-CDD3FDFCA86D}.Release|Any CPU.Deploy.0 = Release|Any CPU
		{0F05C2D9-26BA-4A6E-AFB7-CDD3FDFCA86D}.Release|ARM.ActiveCfg = Release|Any CPU
		{0F05C2D9-26BA-4A6E-AFB7-CDD3FDFCA86D}.Release|ARM.Build.0 = Release|Any CPU
		{0F05C2D9-26BA-4A6E-AFB7-CDD3FDFCA86D}.Release|ARM.Deploy.0 = Release|Any CPU
		{0F05C2D9-26BA-4A6E-AFB7-CDD3FDFCA86D}.Release|iPhone.ActiveCfg = Release|Any CPU
		{0F05C2D9-26BA-4A6E-AFB7-CDD3FDFCA86D}.Release|iPhone.Build.0 = Release|Any CPU
		{0F05C2D9-26BA-4A6E-AFB7-CDD3FDFCA86D}.Release|iPhone.Deploy.0 = Release|Any CPU
		{0F05C2D9-26BA-4A6E-AFB7-CDD3FDFCA86D}.Release|iPhoneSimulator.ActiveCfg = Release|Any CPU
		{0F05C2D9-26BA-4A6E-AFB7-CDD3FDFCA86D}.Release|iPhoneSimulator.Build.0 = Release|Any CPU
		{0F05C2D9-26BA-4A6E-AFB7-CDD3FDFCA86D}.Release|iPhoneSimulator.Deploy.0 = Release|Any CPU
		{0F05C2D9-26BA-4A6E-AFB7-CDD3FDFCA86D}.Release|x64.ActiveCfg = Release|Any CPU
		{0F05C2D9-26BA-4A6E-AFB7-CDD3FDFCA86D}.Release|x64.Build.0 = Release|Any CPU
		{0F05C2D9-26BA-4A6E-AFB7-CDD3FDFCA86D}.Release|x64.Deploy.0 = Release|Any CPU
		{0F05C2D9-26BA-4A6E-AFB7-CDD3FDFCA86D}.Release|x86.ActiveCfg = Release|Any CPU
		{0F05C2D9-26BA-4A6E-AFB7-CDD3FDFCA86D}.Release|x86.Build.0 = Release|Any CPU
		{0F05C2D9-26BA-4A6E-AFB7-CDD3FDFCA86D}.Release|x86.Deploy.0 = Release|Any CPU
	EndGlobalSection
	GlobalSection(SolutionProperties) = preSolution
		HideSolutionNode = FALSE
	EndGlobalSection
	GlobalSection(ExtensibilityGlobals) = postSolution
		SolutionGuid = {BD189662-D5A8-41DD-89B4-A6731D603E46}
	EndGlobalSection
EndGlobal
